
Microsoft Visual Studio Solution File, Format Version 12.00
# Visual Studio Version 17
VisualStudioVersion = 17.0.31903.59
MinimumVisualStudioVersion = 10.0.40219.1
Project("{2150E333-8FDC-42A3-9474-1A3956D46DE8}") = "src", "src", "{827E0CD3-B72D-47B6-A68D-7590B98EB39B}"
EndProject
Project("{FAE04EC0-301F-11D3-BF4B-00C04F79EFBC}") = "MomoQuant.Domain", "src\MomoQuant.Domain\MomoQuant.Domain.csproj", "{97FDA3DE-35D5-4753-9EA5-DB2D837FCB33}"
EndProject
Project("{FAE04EC0-301F-11D3-BF4B-00C04F79EFBC}") = "MomoQuant.Shared", "src\MomoQuant.Shared\MomoQuant.Shared.csproj", "{CFB0D5C4-5ACE-4959-995A-F4D595E272F7}"
EndProject
Project("{FAE04EC0-301F-11D3-BF4B-00C04F79EFBC}") = "MomoQuant.Application", "src\MomoQuant.Application\MomoQuant.Application.csproj", "{53176D76-00D2-40F5-91EB-FB68F0D10043}"
EndProject
Project("{FAE04EC0-301F-11D3-BF4B-00C04F79EFBC}") = "MomoQuant.Infrastructure", "src\MomoQuant.Infrastructure\MomoQuant.Infrastructure.csproj", "{086673CB-9364-4B25-B72C-C131E635140D}"
EndProject
Project("{FAE04EC0-301F-11D3-BF4B-00C04F79EFBC}") = "MomoQuant.Persistence", "src\MomoQuant.Persistence\MomoQuant.Persistence.csproj", "{F1EBDF9B-9A2A-4D1C-B9C0-C27898DF3007}"
EndProject
Project("{FAE04EC0-301F-11D3-BF4B-00C04F79EFBC}") = "MomoQuant.Worker", "src\MomoQuant.Worker\MomoQuant.Worker.csproj", "{56444D94-456A-4939-BB00-E66723E92EF8}"
EndProject
Project("{FAE04EC0-301F-11D3-BF4B-00C04F79EFBC}") = "MomoQuant.Api", "src\MomoQuant.Api\MomoQuant.Api.csproj", "{3F071746-5D1D-4ACD-8FD7-017B00CC13DB}"
EndProject
Project("{2150E333-8FDC-42A3-9474-1A3956D46DE8}") = "tests", "tests", "{0AB3BF05-4346-4AA6-1389-037BE0695223}"
EndProject
Project("{FAE04EC0-301F-11D3-BF4B-00C04F79EFBC}") = "MomoQuant.UnitTests", "tests\MomoQuant.UnitTests\MomoQuant.UnitTests.csproj", "{DCEEF2FC-6E26-4548-9EB6-F6257D0ACA11}"
EndProject
Project("{FAE04EC0-301F-11D3-BF4B-00C04F79EFBC}") = "MomoQuant.IntegrationTests", "tests\MomoQuant.IntegrationTests\MomoQuant.IntegrationTests.csproj", "{EB0078EF-EA54-40E1-B967-E6CCCB4BFEEB}"
EndProject
Global
	GlobalSection(SolutionConfigurationPlatforms) = preSolution
		Debug|Any CPU = Debug|Any CPU
		Debug|x64 = Debug|x64
		Debug|x86 = Debug|x86
		Release|Any CPU = Release|Any CPU
		Release|x64 = Release|x64
		Release|x86 = Release|x86
	EndGlobalSection
	GlobalSection(ProjectConfigurationPlatforms) = postSolution
		{97FDA3DE-35D5-4753-9EA5-DB2D837FCB33}.Debug|Any CPU.ActiveCfg = Debug|Any CPU
		{97FDA3DE-35D5-4753-9EA5-DB2D837FCB33}.Debug|Any CPU.Build.0 = Debug|Any CPU
		{97FDA3DE-35D5-4753-9EA5-DB2D837FCB33}.Debug|x64.ActiveCfg = Debug|Any CPU
		{97FDA3DE-35D5-4753-9EA5-DB2D837FCB33}.Debug|x64.Build.0 = Debug|Any CPU
		{97FDA3DE-35D5-4753-9EA5-DB2D837FCB33}.Debug|x86.ActiveCfg = Debug|Any CPU
		{97FDA3DE-35D5-4753-9EA5-DB2D837FCB33}.Debug|x86.Build.0 = Debug|Any CPU
		{97FDA3DE-35D5-4753-9EA5-DB2D837FCB33}.Release|Any CPU.ActiveCfg = Release|Any CPU
		{97FDA3DE-35D5-4753-9EA5-DB2D837FCB33}.Release|Any CPU.Build.0 = Release|Any CPU
		{97FDA3DE-35D5-4753-9EA5-DB2D837FCB33}.Release|x64.ActiveCfg = Release|Any CPU
		{97FDA3DE-35D5-4753-9EA5-DB2D837FCB33}.Release|x64.Build.0 = Release|Any CPU
		{97FDA3DE-35D5-4753-9EA5-DB2D837FCB33}.Release|x86.ActiveCfg = Release|Any CPU
		{97FDA3DE-35D5-4753-9EA5-DB2D837FCB33}.Release|x86.Build.0 = Release|Any CPU
		{CFB0D5C4-5ACE-4959-995A-F4D595E272F7}.Debug|Any CPU.ActiveCfg = Debug|Any CPU
		{CFB0D5C4-5ACE-4959-995A-F4D595E272F7}.Debug|Any CPU.Build.0 = Debug|Any CPU
		{CFB0D5C4-5ACE-4959-995A-F4D595E272F7}.Debug|x64.ActiveCfg = Debug|Any CPU
		{CFB0D5C4-5ACE-4959-995A-F4D595E272F7}.Debug|x64.Build.0 = Debug|Any CPU
		{CFB0D5C4-5ACE-4959-995A-F4D595E272F7}.Debug|x86.ActiveCfg = Debug|Any CPU
		{CFB0D5C4-5ACE-4959-995A-F4D595E272F7}.Debug|x86.Build.0 = Debug|Any CPU
		{CFB0D5C4-5ACE-4959-995A-F4D595E272F7}.Release|Any CPU.ActiveCfg = Release|Any CPU
		{CFB0D5C4-5ACE-4959-995A-F4D595E272F7}.Release|Any CPU.Build.0 = Release|Any CPU
		{CFB0D5C4-5ACE-4959-995A-F4D595E272F7}.Release|x64.ActiveCfg = Release|Any CPU
		{CFB0D5C4-5ACE-4959-995A-F4D595E272F7}.Release|x64.Build.0 = Release|Any CPU
		{CFB0D5C4-5ACE-4959-995A-F4D595E272F7}.Release|x86.ActiveCfg = Release|Any CPU
		{CFB0D5C4-5ACE-4959-995A-F4D595E272F7}.Release|x86.Build.0 = Release|Any CPU
		{53176D76-00D2-40F5-91EB-FB68F0D10043}.Debug|Any CPU.ActiveCfg = Debug|Any CPU
		{53176D76-00D2-40F5-91EB-FB68F0D10043}.Debug|Any CPU.Build.0 = Debug|Any CPU
		{53176D76-00D2-40F5-91EB-FB68F0D10043}.Debug|x64.ActiveCfg = Debug|Any CPU
		{53176D76-00D2-40F5-91EB-FB68F0D10043}.Debug|x64.Build.0 = Debug|Any CPU
		{53176D76-00D2-40F5-91EB-FB68F0D10043}.Debug|x86.ActiveCfg = Debug|Any CPU
		{53176D76-00D2-40F5-91EB-FB68F0D10043}.Debug|x86.Build.0 = Debug|Any CPU
		{53176D76-00D2-40F5-91EB-FB68F0D10043}.Release|Any CPU.ActiveCfg = Release|Any CPU
		{53176D76-00D2-40F5-91EB-FB68F0D10043}.Release|Any CPU.Build.0 = Release|Any CPU
		{53176D76-00D2-40F5-91EB-FB68F0D10043}.Release|x64.ActiveCfg = Release|Any CPU
		{53176D76-00D2-40F5-91EB-FB68F0D10043}.Release|x64.Build.0 = Release|Any CPU
		{53176D76-00D2-40F5-91EB-FB68F0D10043}.Release|x86.ActiveCfg = Release|Any CPU
		{53176D76-00D2-40F5-91EB-FB68F0D10043}.Release|x86.Build.0 = Release|Any CPU
		{086673CB-9364-4B25-B72C-C131E635140D}.Debug|Any CPU.ActiveCfg = Debug|Any CPU
		{086673CB-9364-4B25-B72C-C131E635140D}.Debug|Any CPU.Build.0 = Debug|Any CPU
		{086673CB-9364-4B25-B72C-C131E635140D}.Debug|x64.ActiveCfg = Debug|Any CPU
		{086673CB-9364-4B25-B72C-C131E635140D}.Debug|x64.Build.0 = Debug|Any CPU
		{086673CB-9364-4B25-B72C-C131E635140D}.Debug|x86.ActiveCfg = Debug|Any CPU
		{086673CB-9364-4B25-B72C-C131E635140D}.Debug|x86.Build.0 = Debug|Any CPU
		{086673CB-9364-4B25-B72C-C131E635140D}.Release|Any CPU.ActiveCfg = Release|Any CPU
		{086673CB-9364-4B25-B72C-C131E635140D}.Release|Any CPU.Build.0 = Release|Any CPU
		{086673CB-9364-4B25-B72C-C131E635140D}.Release|x64.ActiveCfg = Release|Any CPU
		{086673CB-9364-4B25-B72C-C131E635140D}.Release|x64.Build.0 = Release|Any CPU
		{086673CB-9364-4B25-B72C-C131E635140D}.Release|x86.ActiveCfg = Release|Any CPU
		{086673CB-9364-4B25-B72C-C131E635140D}.Release|x86.Build.0 = Release|Any CPU
		{F1EBDF9B-9A2A-4D1C-B9C0-C27898DF3007}.Debug|Any CPU.ActiveCfg = Debug|Any CPU
		{F1EBDF9B-9A2A-4D1C-B9C0-C27898DF3007}.Debug|Any CPU.Build.0 = Debug|Any CPU
		{F1EBDF9B-9A2A-4D1C-B9C0-C27898DF3007}.Debug|x64.ActiveCfg = Debug|Any CPU
		{F1EBDF9B-9A2A-4D1C-B9C0-C27898DF3007}.Debug|x64.Build.0 = Debug|Any CPU
		{F1EBDF9B-9A2A-4D1C-B9C0-C27898DF3007}.Debug|x86.ActiveCfg = Debug|Any CPU
		{F1EBDF9B-9A2A-4D1C-B9C0-C27898DF3007}.Debug|x86.Build.0 = Debug|Any CPU
		{F1EBDF9B-9A2A-4D1C-B9C0-C27898DF3007}.Release|Any CPU.ActiveCfg = Release|Any CPU
		{F1EBDF9B-9A2A-4D1C-B9C0-C27898DF3007}.Release|Any CPU.Build.0 = Release|Any CPU
		{F1EBDF9B-9A2A-4D1C-B9C0-C27898DF3007}.Release|x64.ActiveCfg = Release|Any CPU
		{F1EBDF9B-9A2A-4D1C-B9C0-C27898DF3007}.Release|x64.Build.0 = Release|Any CPU
		{F1EBDF9B-9A2A-4D1C-B9C0-C27898DF3007}.Release|x86.ActiveCfg = Release|Any CPU
		{F1EBDF9B-9A2A-4D1C-B9C0-C27898DF3007}.Release|x86.Build.0 = Release|Any CPU
		{56444D94-456A-4939-BB00-E66723E92EF8}.Debug|Any CPU.ActiveCfg = Debug|Any CPU
		{56444D94-456A-4939-BB00-E66723E92EF8}.Debug|Any CPU.Build.0 = Debug|Any CPU
		{56444D94-456A-4939-BB00-E66723E92EF8}.Debug|x64.ActiveCfg = Debug|Any CPU
		{56444D94-456A-4939-BB00-E66723E92EF8}.Debug|x64.Build.0 = Debug|Any CPU
		{56444D94-456A-4939-BB00-E66723E92EF8}.Debug|x86.ActiveCfg = Debug|Any CPU
		{56444D94-456A-4939-BB00-E66723E92EF8}.Debug|x86.Build.0 = Debug|Any CPU
		{56444D94-456A-4939-BB00-E66723E92EF8}.Release|Any CPU.ActiveCfg = Release|Any CPU
		{56444D94-456A-4939-BB00-E66723E92EF8}.Release|Any CPU.Build.0 = Release|Any CPU
		{56444D94-456A-4939-BB00-E66723E92EF8}.Release|x64.ActiveCfg = Release|Any CPU
		{56444D94-456A-4939-BB00-E66723E92EF8}.Release|x64.Build.0 = Release|Any CPU
		{56444D94-456A-4939-BB00-E66723E92EF8}.Release|x86.ActiveCfg = Release|Any CPU
		{56444D94-456A-4939-BB00-E66723E92EF8}.Release|x86.Build.0 = Release|Any CPU
		{3F071746-5D1D-4ACD-8FD7-017B00CC13DB}.Debug|Any CPU.ActiveCfg = Debug|Any CPU
		{3F071746-5D1D-4ACD-8FD7-017B00CC13DB}.Debug|Any CPU.Build.0 = Debug|Any CPU
		{3F071746-5D1D-4ACD-8FD7-017B00CC13DB}.Debug|x64.ActiveCfg = Debug|Any CPU
		{3F071746-5D1D-4ACD-8FD7-017B00CC13DB}.Debug|x64.Build.0 = Debug|Any CPU
		{3F071746-5D1D-4ACD-8FD7-017B00CC13DB}.Debug|x86.ActiveCfg = Debug|Any CPU
		{3F071746-5D1D-4ACD-8FD7-017B00CC13DB}.Debug|x86.Build.0 = Debug|Any CPU
		{3F071746-5D1D-4ACD-8FD7-017B00CC13DB}.Release|Any CPU.ActiveCfg = Release|Any CPU
		{3F071746-5D1D-4ACD-8FD7-017B00CC13DB}.Release|Any CPU.Build.0 = Release|Any CPU
		{3F071746-5D1D-4ACD-8FD7-017B00CC13DB}.Release|x64.ActiveCfg = Release|Any CPU
		{3F071746-5D1D-4ACD-8FD7-017B00CC13DB}.Release|x64.Build.0 = Release|Any CPU
		{3F071746-5D1D-4ACD-8FD7-017B00CC13DB}.Release|x86.ActiveCfg = Release|Any CPU
		{3F071746-5D1D-4ACD-8FD7-017B00CC13DB}.Release|x86.Build.0 = Release|Any CPU
		{DCEEF2FC-6E26-4548-9EB6-F6257D0ACA11}.Debug|Any CPU.ActiveCfg = Debug|Any CPU
		{DCEEF2FC-6E26-4548-9EB6-F6257D0ACA11}.Debug|Any CPU.Build.0 = Debug|Any CPU
		{DCEEF2FC-6E26-4548-9EB6-F6257D0ACA11}.Debug|x64.ActiveCfg = Debug|Any CPU
		{DCEEF2FC-6E26-4548-9EB6-F6257D0ACA11}.Debug|x64.Build.0 = Debug|Any CPU
		{DCEEF2FC-6E26-4548-9EB6-F6257D0ACA11}.Debug|x86.ActiveCfg = Debug|Any CPU
		{DCEEF2FC-6E26-4548-9EB6-F6257D0ACA11}.Debug|x86.Build.0 = Debug|Any CPU
		{DCEEF2FC-6E26-4548-9EB6-F6257D0ACA11}.Release|Any CPU.ActiveCfg = Release|Any CPU
		{DCEEF2FC-6E26-4548-9EB6-F6257D0ACA11}.Release|Any CPU.Build.0 = Release|Any CPU
		{DCEEF2FC-6E26-4548-9EB6-F6257D0ACA11}.Release|x64.ActiveCfg = Release|Any CPU
		{DCEEF2FC-6E26-4548-9EB6-F6257D0ACA11}.Release|x64.Build.0 = Release|Any CPU
		{DCEEF2FC-6E26-4548-9EB6-F6257D0ACA11}.Release|x86.ActiveCfg = Release|Any CPU
		{DCEEF2FC-6E26-4548-9EB6-F6257D0ACA11}.Release|x86.Build.0 = Release|Any CPU
		{EB0078EF-EA54-40E1-B967-E6CCCB4BFEEB}.Debug|Any CPU.ActiveCfg = Debug|Any CPU
		{EB0078EF-EA54-40E1-B967-E6CCCB4BFEEB}.Debug|Any CPU.Build.0 = Debug|Any CPU
		{EB0078EF-EA54-40E1-B967-E6CCCB4BFEEB}.Debug|x64.ActiveCfg = Debug|Any CPU
		{EB0078EF-EA54-40E1-B967-E6CCCB4BFEEB}.Debug|x64.Build.0 = Debug|Any CPU
		{EB0078EF-EA54-40E1-B967-E6CCCB4BFEEB}.Debug|x86.ActiveCfg = Debug|Any CPU
		{EB0078EF-EA54-40E1-B967-E6CCCB4BFEEB}.Debug|x86.Build.0 = Debug|Any CPU
		{EB0078EF-EA54-40E1-B967-E6CCCB4BFEEB}.Release|Any CPU.ActiveCfg = Release|Any CPU
		{EB0078EF-EA54-40E1-B967-E6CCCB4BFEEB}.Release|Any CPU.Build.0 = Release|Any CPU
		{EB0078EF-EA54-40E1-B967-E6CCCB4BFEEB}.Release|x64.ActiveCfg = Release|Any CPU
		{EB0078EF-EA54-40E1-B967-E6CCCB4BFEEB}.Release|x64.Build.0 = Release|Any CPU
		{EB0078EF-EA54-40E1-B967-E6CCCB4BFEEB}.Release|x86.ActiveCfg = Release|Any CPU
		{EB0078EF-EA54-40E1-B967-E6CCCB4BFEEB}.Release|x86.Build.0 = Release|Any CPU
	EndGlobalSection
	GlobalSection(SolutionProperties) = preSolution
		HideSolutionNode = FALSE
	EndGlobalSection
	GlobalSection(NestedProjects) = preSolution
		{97FDA3DE-35D5-4753-9EA5-DB2D837FCB33} = {827E0CD3-B72D-47B6-A68D-7590B98EB39B}
		{CFB0D5C4-5ACE-4959-995A-F4D595E272F7} = {827E0CD3-B72D-47B6-A68D-7590B98EB39B}
		{53176D76-00D2-40F5-91EB-FB68F0D10043} = {827E0CD3-B72D-47B6-A68D-7590B98EB39B}
		{086673CB-9364-4B25-B72C-C131E635140D} = {827E0CD3-B72D-47B6-A68D-7590B98EB39B}
		{F1EBDF9B-9A2A-4D1C-B9C0-C27898DF3007} = {827E0CD3-B72D-47B6-A68D-7590B98EB39B}
		{56444D94-456A-4939-BB00-E66723E92EF8} = {827E0CD3-B72D-47B6-A68D-7590B98EB39B}
		{3F071746-5D1D-4ACD-8FD7-017B00CC13DB} = {827E0CD3-B72D-47B6-A68D-7590B98EB39B}
		{DCEEF2FC-6E26-4548-9EB6-F6257D0ACA11} = {0AB3BF05-4346-4AA6-1389-037BE0695223}
		{EB0078EF-EA54-40E1-B967-E6CCCB4BFEEB} = {0AB3BF05-4346-4AA6-1389-037BE0695223}
	EndGlobalSection
EndGlobal
